# THIS IS AN AUTOGENERATED FILE. DO NOT EDIT THIS FILE DIRECTLY.
# yarn lockfile v1


"@types/array-unique@^0.3.0":
  version "0.3.0"
  resolved "https://registry.yarnpkg.com/@types/array-unique/-/array-unique-0.3.0.tgz#4bdab51014680a9fda7b6e6f1ec7f597c2d474fe"

"@types/async@^2.0.49":
  version "2.0.49"
  resolved "https://registry.yarnpkg.com/@types/async/-/async-2.0.49.tgz#92e33d13f74c895cb9a7f38ba97db8431ed14bc0"

"@types/jest@^23.3.2":
  version "23.3.2"
  resolved "https://registry.yarnpkg.com/@types/jest/-/jest-23.3.2.tgz#07b90f6adf75d42c34230c026a2529e56c249dbb"

"@types/node@^10.10.3":
  version "10.10.3"
  resolved "https://registry.yarnpkg.com/@types/node/-/node-10.10.3.tgz#09c75a4ad84d6a3d286790bdd9489a4f8ee9906c"

array-unique@^0.3.2:
  version "0.3.2"
  resolved "https://registry.yarnpkg.com/array-unique/-/array-unique-0.3.2.tgz#a894b75d4bc4f6cd679ef3244a9fd8f46ae2d428"

axios@^0.18.0:
  version "0.18.0"
  resolved "http://registry.npmjs.org/axios/-/axios-0.18.0.tgz#32d53e4851efdc0a11993b6cd000789d70c05102"
  dependencies:
    follow-redirects "^1.3.0"
    is-buffer "^1.1.5"

debug@=3.1.0:
  version "3.1.0"
  resolved "https://registry.yarnpkg.com/debug/-/debug-3.1.0.tgz#5bb5a0672628b64149566ba16819e61518c67261"
  dependencies:
    ms "2.0.0"

follow-redirects@^1.3.0:
  version "1.5.8"
  resolved "https://registry.yarnpkg.com/follow-redirects/-/follow-redirects-1.5.8.tgz#1dbfe13e45ad969f813e86c00e5296f525c885a1"
  dependencies:
    debug "=3.1.0"

is-buffer@^1.1.5:
  version "1.1.6"
  resolved "https://registry.yarnpkg.com/is-buffer/-/is-buffer-1.1.6.tgz#efaa2ea9daa0d7ab2ea13a97b2b8ad51fefbe8be"

ms@2.0.0:
  version "2.0.0"
  resolved "https://registry.yarnpkg.com/ms/-/ms-2.0.0.tgz#5608aeadfc00be6c2901df5f9861788de0d597c8"

safe-buffer@^5.1.2:
  version "5.1.2"
  resolved "https://registry.yarnpkg.com/safe-buffer/-/safe-buffer-5.1.2.tgz#991ec69d296e0313747d59bdfd2b745c35f8828d"

uuid@^3.3.2:
  version "3.3.2"
  resolved "https://registry.yarnpkg.com/uuid/-/uuid-3.3.2.tgz#1b4af4955eb3077c501c23872fc6513811587131"
